
Microsoft Visual Studio Solution File, Format Version 12.00
# Visual Studio Version 17
VisualStudioVersion = 17.14.36221.1 d17.14
MinimumVisualStudioVersion = 10.0.40219.1
Project("{FAE04EC0-301F-11D3-BF4B-00C04F79EFBC}") = "Number Guess", "Number Guess\Number Guess.csproj", "{3EC3DC75-7CE6-49D0-8E87-A204AF666924}"
EndProject
Global
	GlobalSection(SolutionConfigurationPlatforms) = preSolution
		Debug|Any CPU = Debug|Any CPU
		Release|Any CPU = Release|Any CPU
	EndGlobalSection
	GlobalSection(ProjectConfigurationPlatforms) = postSolution
		{3EC3DC75-7CE6-49D0-8E87-A204AF666924}.Debug|Any CPU.ActiveCfg = Debug|Any CPU
		{3EC3DC75-7CE6-49D0-8E87-A204AF666924}.Debug|Any CPU.Build.0 = Debug|Any CPU
		{3EC3DC75-7CE6-49D0-8E87-A204AF666924}.Release|Any CPU.ActiveCfg = Release|Any CPU
		{3EC3DC75-7CE6-49D0-8E87-A204AF666924}.Release|Any CPU.Build.0 = Release|Any CPU
	EndGlobalSection
	GlobalSection(SolutionProperties) = preSolution
		HideSolutionNode = FALSE
	EndGlobalSection
	GlobalSection(ExtensibilityGlobals) = postSolution
		SolutionGuid = {9176FEE2-FE65-4518-B68F-A6742A95EC3D}
	EndGlobalSection
EndGlobal
